// !$*UTF8*$!
{
	archiveVersion = 1;
	classes = {
	};
	objectVersion = 56;
	objects = {

/* Begin PBXBuildFile section */
		034594262938B4A100EAD3EA /* AppDelegate.swift in Sources */ = {isa = PBXBuildFile; fileRef = 034594252938B4A100EAD3EA /* AppDelegate.swift */; };
		034594282938B4A100EAD3EA /* SceneDelegate.swift in Sources */ = {isa = PBXBuildFile; fileRef = 034594272938B4A100EAD3EA /* SceneDelegate.swift */; };
		0345942A2938B4A100EAD3EA /* ViewController.swift in Sources */ = {isa = PBXBuildFile; fileRef = 034594292938B4A100EAD3EA /* ViewController.swift */; };
		0345942D2938B4A100EAD3EA /* Main.storyboard in Resources */ = {isa = PBXBuildFile; fileRef = 0345942B2938B4A100EAD3EA /* Main.storyboard */; };
		0345942F2938B4A100EAD3EA /* Assets.xcassets in Resources */ = {isa = PBXBuildFile; fileRef = 0345942E2938B4A100EAD3EA /* Assets.xcassets */; };
		034594322938B4A100EAD3EA /* LaunchScreen.storyboard in Resources */ = {isa = PBXBuildFile; fileRef = 034594302938B4A100EAD3EA /* LaunchScreen.storyboard */; };
		0345943C2938B4CF00EAD3EA /* Data.swift in Sources */ = {isa = PBXBuildFile; fileRef = 0345943B2938B4CF00EAD3EA /* Data.swift */; };
		03459443293AEFC500EAD3EA /* OtherVCRecordTableViewCell.swift in Sources */ = {isa = PBXBuildFile; fileRef = 03459441293AEFC500EAD3EA /* OtherVCRecordTableViewCell.swift */; };
		03459444293AEFC500EAD3EA /* OtherVCRecordTableViewCell.xib in Resources */ = {isa = PBXBuildFile; fileRef = 03459442293AEFC500EAD3EA /* OtherVCRecordTableViewCell.xib */; };
		03459447293AEFEF00EAD3EA /* OtherVCTableViewCell.swift in Sources */ = {isa = PBXBuildFile; fileRef = 03459445293AEFEF00EAD3EA /* OtherVCTableViewCell.swift */; };
		03459448293AEFEF00EAD3EA /* OtherVCTableViewCell.xib in Resources */ = {isa = PBXBuildFile; fileRef = 03459446293AEFEF00EAD3EA /* OtherVCTableViewCell.xib */; };
		0345944B293B4ADC00EAD3EA /* OtherVCCollectionViewCell.swift in Sources */ = {isa = PBXBuildFile; fileRef = 03459449293B4ADC00EAD3EA /* OtherVCCollectionViewCell.swift */; };
		0345944C293B4ADC00EAD3EA /* OtherVCCollectionViewCell.xib in Resources */ = {isa = PBXBuildFile; fileRef = 0345944A293B4ADC00EAD3EA /* OtherVCCollectionViewCell.xib */; };
		0345944E293B4C2F00EAD3EA /* OtherVC.swift in Sources */ = {isa = PBXBuildFile; fileRef = 0345944D293B4C2F00EAD3EA /* OtherVC.swift */; };
		03459450293B4C9700EAD3EA /* otherVCData.swift in Sources */ = {isa = PBXBuildFile; fileRef = 0345944F293B4C9700EAD3EA /* otherVCData.swift */; };
/* End PBXBuildFile section */

/* Begin PBXFileReference section */
		034594222938B4A100EAD3EA /* starbuckkMock.app */ = {isa = PBXFileReference; explicitFileType = wrapper.application; includeInIndex = 0; path = starbuckkMock.app; sourceTree = BUILT_PRODUCTS_DIR; };
		034594252938B4A100EAD3EA /* AppDelegate.swift */ = {isa = PBXFileReference; lastKnownFileType = sourcecode.swift; path = AppDelegate.swift; sourceTree = "<group>"; };
		034594272938B4A100EAD3EA /* SceneDelegate.swift */ = {isa = PBXFileReference; lastKnownFileType = sourcecode.swift; path = SceneDelegate.swift; sourceTree = "<group>"; };
		034594292938B4A100EAD3EA /* ViewController.swift */ = {isa = PBXFileReference; lastKnownFileType = sourcecode.swift; path = ViewController.swift; sourceTree = "<group>"; };
		0345942C2938B4A100EAD3EA /* Base */ = {isa = PBXFileReference; lastKnownFileType = file.storyboard; name = Base; path = Base.lproj/Main.storyboard; sourceTree = "<group>"; };
		0345942E2938B4A100EAD3EA /* Assets.xcassets */ = {isa = PBXFileReference; lastKnownFileType = folder.assetcatalog; path = Assets.xcassets; sourceTree = "<group>"; };
		034594312938B4A100EAD3EA /* Base */ = {isa = PBXFileReference; lastKnownFileType = file.storyboard; name = Base; path = Base.lproj/LaunchScreen.storyboard; sourceTree = "<group>"; };
		034594332938B4A100EAD3EA /* Info.plist */ = {isa = PBXFileReference; lastKnownFileType = text.plist.xml; path = Info.plist; sourceTree = "<group>"; };
		0345943B2938B4CF00EAD3EA /* Data.swift */ = {isa = PBXFileReference; lastKnownFileType = sourcecode.swift; path = Data.swift; sourceTree = "<group>"; };
		03459441293AEFC500EAD3EA /* OtherVCRecordTableViewCell.swift */ = {isa = PBXFileReference; lastKnownFileType = sourcecode.swift; path = OtherVCRecordTableViewCell.swift; sourceTree = "<group>"; };
		03459442293AEFC500EAD3EA /* OtherVCRecordTableViewCell.xib */ = {isa = PBXFileReference; lastKnownFileType = file.xib; path = OtherVCRecordTableViewCell.xib; sourceTree = "<group>"; };
		03459445293AEFEF00EAD3EA /* OtherVCTableViewCell.swift */ = {isa = PBXFileReference; lastKnownFileType = sourcecode.swift; path = OtherVCTableViewCell.swift; sourceTree = "<group>"; };
		03459446293AEFEF00EAD3EA /* OtherVCTableViewCell.xib */ = {isa = PBXFileReference; lastKnownFileType = file.xib; path = OtherVCTableViewCell.xib; sourceTree = "<group>"; };
		03459449293B4ADC00EAD3EA /* OtherVCCollectionViewCell.swift */ = {isa = PBXFileReference; lastKnownFileType = sourcecode.swift; path = OtherVCCollectionViewCell.swift; sourceTree = "<group>"; };
		0345944A293B4ADC00EAD3EA /* OtherVCCollectionViewCell.xib */ = {isa = PBXFileReference; lastKnownFileType = file.xib; path = OtherVCCollectionViewCell.xib; sourceTree = "<group>"; };
		0345944D293B4C2F00EAD3EA /* OtherVC.swift */ = {isa = PBXFileReference; lastKnownFileType = sourcecode.swift; path = OtherVC.swift; sourceTree = "<group>"; };
		0345944F293B4C9700EAD3EA /* otherVCData.swift */ = {isa = PBXFileReference; lastKnownFileType = sourcecode.swift; path = otherVCData.swift; sourceTree = "<group>"; };
/* End PBXFileReference section */

/* Begin PBXFrameworksBuildPhase section */
		0345941F2938B4A100EAD3EA /* Frameworks */ = {
			isa = PBXFrameworksBuildPhase;
			buildActionMask = 2147483647;
			files = (
			);
			runOnlyForDeploymentPostprocessing = 0;
		};
/* End PBXFrameworksBuildPhase section */

/* Begin PBXGroup section */
		034594192938B4A100EAD3EA = {
			isa = PBXGroup;
			children = (
				034594242938B4A100EAD3EA /* starbuckkMock */,
				034594232938B4A100EAD3EA /* Products */,
			);
			sourceTree = "<group>";
		};
		034594232938B4A100EAD3EA /* Products */ = {
			isa = PBXGroup;
			children = (
				034594222938B4A100EAD3EA /* starbuckkMock.app */,
			);
			name = Products;
			sourceTree = "<group>";
		};
		034594242938B4A100EAD3EA /* starbuckkMock */ = {
			isa = PBXGroup;
			children = (
				034594392938B4AE00EAD3EA /* Delegate */,
				034594292938B4A100EAD3EA /* ViewController.swift */,
				0345943A2938B4C200EAD3EA /* Model */,
				0345942B2938B4A100EAD3EA /* Main.storyboard */,
				0345944D293B4C2F00EAD3EA /* OtherVC.swift */,
				03459445293AEFEF00EAD3EA /* OtherVCTableViewCell.swift */,
				03459446293AEFEF00EAD3EA /* OtherVCTableViewCell.xib */,
				03459441293AEFC500EAD3EA /* OtherVCRecordTableViewCell.swift */,
				03459442293AEFC500EAD3EA /* OtherVCRecordTableViewCell.xib */,
				03459449293B4ADC00EAD3EA /* OtherVCCollectionViewCell.swift */,
				0345944A293B4ADC00EAD3EA /* OtherVCCollectionViewCell.xib */,
				0345942E2938B4A100EAD3EA /* Assets.xcassets */,
				034594302938B4A100EAD3EA /* LaunchScreen.storyboard */,
				034594332938B4A100EAD3EA /* Info.plist */,
			);
			path = starbuckkMock;
			sourceTree = "<group>";
		};
		034594392938B4AE00EAD3EA /* Delegate */ = {
			isa = PBXGroup;
			children = (
				034594252938B4A100EAD3EA /* AppDelegate.swift */,
				034594272938B4A100EAD3EA /* SceneDelegate.swift */,
			);
			path = Delegate;
			sourceTree = "<group>";
		};
		0345943A2938B4C200EAD3EA /* Model */ = {
			isa = PBXGroup;
			children = (
				0345943B2938B4CF00EAD3EA /* Data.swift */,
				0345944F293B4C9700EAD3EA /* otherVCData.swift */,
			);
			path = Model;
			sourceTree = "<group>";
		};
/* End PBXGroup section */

/* Begin PBXNativeTarget section */
		034594212938B4A100EAD3EA /* starbuckkMock */ = {
			isa = PBXNativeTarget;
			buildConfigurationList = 034594362938B4A100EAD3EA /* Build configuration list for PBXNativeTarget "starbuckkMock" */;
			buildPhases = (
				0345941E2938B4A100EAD3EA /* Sources */,
				0345941F2938B4A100EAD3EA /* Frameworks */,
				034594202938B4A100EAD3EA /* Resources */,
			);
			buildRules = (
			);
			dependencies = (
			);
			name = starbuckkMock;
			productName = starbuckkMock;
			productReference = 034594222938B4A100EAD3EA /* starbuckkMock.app */;
			productType = "com.apple.product-type.application";
		};
/* End PBXNativeTarget section */

/* Begin PBXProject section */
		0345941A2938B4A100EAD3EA /* Project object */ = {
			isa = PBXProject;
			attributes = {
				BuildIndependentTargetsInParallel = 1;
				LastSwiftUpdateCheck = 1410;
				LastUpgradeCheck = 1410;
				TargetAttributes = {
					034594212938B4A100EAD3EA = {
						CreatedOnToolsVersion = 14.1;
					};
				};
			};
			buildConfigurationList = 0345941D2938B4A100EAD3EA /* Build configuration list for PBXProject "starbuckkMock" */;
			compatibilityVersion = "Xcode 14.0";
			developmentRegion = en;
			hasScannedForEncodings = 0;
			knownRegions = (
				en,
				Base,
			);
			mainGroup = 034594192938B4A100EAD3EA;
			productRefGroup = 034594232938B4A100EAD3EA /* Products */;
			projectDirPath = "";
			projectRoot = "";
			targets = (
				034594212938B4A100EAD3EA /* starbuckkMock */,
			);
		};
/* End PBXProject section */

/* Begin PBXResourcesBuildPhase section */
		034594202938B4A100EAD3EA /* Resources */ = {
			isa = PBXResourcesBuildPhase;
			buildActionMask = 2147483647;
			files = (
				03459444293AEFC500EAD3EA /* OtherVCRecordTableViewCell.xib in Resources */,
				03459448293AEFEF00EAD3EA /* OtherVCTableViewCell.xib in Resources */,
				034594322938B4A100EAD3EA /* LaunchScreen.storyboard in Resources */,
				0345942F2938B4A100EAD3EA /* Assets.xcassets in Resources */,
				0345944C293B4ADC00EAD3EA /* OtherVCCollectionViewCell.xib in Resources */,
				0345942D2938B4A100EAD3EA /* Main.storyboard in Resources */,
			);
			runOnlyForDeploymentPostprocessing = 0;
		};
/* End PBXResourcesBuildPhase section */

/* Begin PBXSourcesBuildPhase section */
		0345941E2938B4A100EAD3EA /* Sources */ = {
			isa = PBXSourcesBuildPhase;
			buildActionMask = 2147483647;
			files = (
				03459450293B4C9700EAD3EA /* otherVCData.swift in Sources */,
				0345942A2938B4A100EAD3EA /* ViewController.swift in Sources */,
				034594262938B4A100EAD3EA /* AppDelegate.swift in Sources */,
				034594282938B4A100EAD3EA /* SceneDelegate.swift in Sources */,
				0345944E293B4C2F00EAD3EA /* OtherVC.swift in Sources */,
				03459443293AEFC500EAD3EA /* OtherVCRecordTableViewCell.swift in Sources */,
				0345943C2938B4CF00EAD3EA /* Data.swift in Sources */,
				0345944B293B4ADC00EAD3EA /* OtherVCCollectionViewCell.swift in Sources */,
				03459447293AEFEF00EAD3EA /* OtherVCTableViewCell.swift in Sources */,
			);
			runOnlyForDeploymentPostprocessing = 0;
		};
/* End PBXSourcesBuildPhase section */

/* Begin PBXVariantGroup section */
		0345942B2938B4A100EAD3EA /* Main.storyboard */ = {
			isa = PBXVariantGroup;
			children = (
				0345942C2938B4A100EAD3EA /* Base */,
			);
			name = Main.storyboard;
			sourceTree = "<group>";
		};
		034594302938B4A100EAD3EA /* LaunchScreen.storyboard */ = {
			isa = PBXVariantGroup;
			children = (
				034594312938B4A100EAD3EA /* Base */,
			);
			name = LaunchScreen.storyboard;
			sourceTree = "<group>";
		};
/* End PBXVariantGroup section */

/* Begin XCBuildConfiguration section */
		034594342938B4A100EAD3EA /* Debug */ = {
			isa = XCBuildConfiguration;
			buildSettings = {
				ALWAYS_SEARCH_USER_PATHS = NO;
				CLANG_ANALYZER_NONNULL = YES;
				CLANG_ANALYZER_NUMBER_OBJECT_CONVERSION = YES_AGGRESSIVE;
				CLANG_CXX_LANGUAGE_STANDARD = "gnu++20";
				CLANG_ENABLE_MODULES = YES;
				CLANG_ENABLE_OBJC_ARC = YES;
				CLANG_ENABLE_OBJC_WEAK = YES;
				CLANG_WARN_BLOCK_CAPTURE_AUTORELEASING = YES;
				CLANG_WARN_BOOL_CONVERSION = YES;
				CLANG_WARN_COMMA = YES;
				CLANG_WARN_CONSTANT_CONVERSION = YES;
				CLANG_WARN_DEPRECATED_OBJC_IMPLEMENTATIONS = YES;
				CLANG_WARN_DIRECT_OBJC_ISA_USAGE = YES_ERROR;
				CLANG_WARN_DOCUMENTATION_COMMENTS = YES;
				CLANG_WARN_EMPTY_BODY = YES;
				CLANG_WARN_ENUM_CONVERSION = YES;
				CLANG_WARN_INFINITE_RECURSION = YES;
				CLANG_WARN_INT_CONVERSION = YES;
				CLANG_WARN_NON_LITERAL_NULL_CONVERSION = YES;
				CLANG_WARN_OBJC_IMPLICIT_RETAIN_SELF = YES;
				CLANG_WARN_OBJC_LITERAL_CONVERSION = YES;
				CLANG_WARN_OBJC_ROOT_CLASS = YES_ERROR;
				CLANG_WARN_QUOTED_INCLUDE_IN_FRAMEWORK_HEADER = YES;
				CLANG_WARN_RANGE_LOOP_ANALYSIS = YES;
				CLANG_WARN_STRICT_PROTOTYPES = YES;
				CLANG_WARN_SUSPICIOUS_MOVE = YES;
				CLANG_WARN_UNGUARDED_AVAILABILITY = YES_AGGRESSIVE;
				CLANG_WARN_UNREACHABLE_CODE = YES;
				CLANG_WARN__DUPLICATE_METHOD_MATCH = YES;
				COPY_PHASE_STRIP = NO;
				DEBUG_INFORMATION_FORMAT = dwarf;
				ENABLE_STRICT_OBJC_MSGSEND = YES;
				ENABLE_TESTABILITY = YES;
				GCC_C_LANGUAGE_STANDARD = gnu11;
				GCC_DYNAMIC_NO_PIC = NO;
				GCC_NO_COMMON_BLOCKS = YES;
				GCC_OPTIMIZATION_LEVEL = 0;
				GCC_PREPROCESSOR_DEFINITIONS = (
					"DEBUG=1",
					"$(inherited)",
				);
				GCC_WARN_64_TO_32_BIT_CONVERSION = YES;
				GCC_WARN_ABOUT_RETURN_TYPE = YES_ERROR;
				GCC_WARN_UNDECLARED_SELECTOR = YES;
				GCC_WARN_UNINITIALIZED_AUTOS = YES_AGGRESSIVE;
				GCC_WARN_UNUSED_FUNCTION = YES;
				GCC_WARN_UNUSED_VARIABLE = YES;
				IPHONEOS_DEPLOYMENT_TARGET = 16.1;
				MTL_ENABLE_DEBUG_INFO = INCLUDE_SOURCE;
				MTL_FAST_MATH = YES;
				ONLY_ACTIVE_ARCH = YES;
				SDKROOT = iphoneos;
				SWIFT_ACTIVE_COMPILATION_CONDITIONS = DEBUG;
				SWIFT_OPTIMIZATION_LEVEL = "-Onone";
			};
			name = Debug;
		};
		034594352938B4A100EAD3EA /* Release */ = {
			isa = XCBuildConfiguration;
			buildSettings = {
				ALWAYS_SEARCH_USER_PATHS = NO;
				CLANG_ANALYZER_NONNULL = YES;
				CLANG_ANALYZER_NUMBER_OBJECT_CONVERSION = YES_AGGRESSIVE;
				CLANG_CXX_LANGUAGE_STANDARD = "gnu++20";
				CLANG_ENABLE_MODULES = YES;
				CLANG_ENABLE_OBJC_ARC = YES;
				CLANG_ENABLE_OBJC_WEAK = YES;
				CLANG_WARN_BLOCK_CAPTURE_AUTORELEASING = YES;
				CLANG_WARN_BOOL_CONVERSION = YES;
				CLANG_WARN_COMMA = YES;
				CLANG_WARN_CONSTANT_CONVERSION = YES;
				CLANG_WARN_DEPRECATED_OBJC_IMPLEMENTATIONS = YES;
				CLANG_WARN_DIRECT_OBJC_ISA_USAGE = YES_ERROR;
				CLANG_WARN_DOCUMENTATION_COMMENTS = YES;
				CLANG_WARN_EMPTY_BODY = YES;
				CLANG_WARN_ENUM_CONVERSION = YES;
				CLANG_WARN_INFINITE_RECURSION = YES;
				CLANG_WARN_INT_CONVERSION = YES;
				CLANG_WARN_NON_LITERAL_NULL_CONVERSION = YES;
				CLANG_WARN_OBJC_IMPLICIT_RETAIN_SELF = YES;
				CLANG_WARN_OBJC_LITERAL_CONVERSION = YES;
				CLANG_WARN_OBJC_ROOT_CLASS = YES_ERROR;
				CLANG_WARN_QUOTED_INCLUDE_IN_FRAMEWORK_HEADER = YES;
				CLANG_WARN_RANGE_LOOP_ANALYSIS = YES;
				CLANG_WARN_STRICT_PROTOTYPES = YES;
				CLANG_WARN_SUSPICIOUS_MOVE = YES;
				CLANG_WARN_UNGUARDED_AVAILABILITY = YES_AGGRESSIVE;
				CLANG_WARN_UNREACHABLE_CODE = YES;
				CLANG_WARN__DUPLICATE_METHOD_MATCH = YES;
				COPY_PHASE_STRIP = NO;
				DEBUG_INFORMATION_FORMAT = "dwarf-with-dsym";
				ENABLE_NS_ASSERTIONS = NO;
				ENABLE_STRICT_OBJC_MSGSEND = YES;
				GCC_C_LANGUAGE_STANDARD = gnu11;
				GCC_NO_COMMON_BLOCKS = YES;
				GCC_WARN_64_TO_32_BIT_CONVERSION = YES;
				GCC_WARN_ABOUT_RETURN_TYPE = YES_ERROR;
				GCC_WARN_UNDECLARED_SELECTOR = YES;
				GCC_WARN_UNINITIALIZED_AUTOS = YES_AGGRESSIVE;
				GCC_WARN_UNUSED_FUNCTION = YES;
				GCC_WARN_UNUSED_VARIABLE = YES;
				IPHONEOS_DEPLOYMENT_TARGET = 16.1;
				MTL_ENABLE_DEBUG_INFO = NO;
				MTL_FAST_MATH = YES;
				SDKROOT = iphoneos;
				SWIFT_COMPILATION_MODE = wholemodule;
				SWIFT_OPTIMIZATION_LEVEL = "-O";
				VALIDATE_PRODUCT = YES;
			};
			name = Release;
		};
		034594372938B4A100EAD3EA /* Debug */ = {
			isa = XCBuildConfiguration;
			buildSettings = {
				ASSETCATALOG_COMPILER_APPICON_NAME = AppIcon;
				ASSETCATALOG_COMPILER_GLOBAL_ACCENT_COLOR_NAME = AccentColor;
				CODE_SIGN_STYLE = Automatic;
				CURRENT_PROJECT_VERSION = 1;
				DEVELOPMENT_TEAM = 6225DX9457;
				GENERATE_INFOPLIST_FILE = YES;
				INFOPLIST_FILE = starbuckkMock/Info.plist;
				INFOPLIST_KEY_UIApplicationSupportsIndirectInputEvents = YES;
				INFOPLIST_KEY_UILaunchStoryboardName = LaunchScreen;
				INFOPLIST_KEY_UIMainStoryboardFile = Main;
				INFOPLIST_KEY_UISupportedInterfaceOrientations_iPad = "UIInterfaceOrientationPortrait UIInterfaceOrientationPortraitUpsideDown UIInterfaceOrientationLandscapeLeft UIInterfaceOrientationLandscapeRight";
				INFOPLIST_KEY_UISupportedInterfaceOrientations_iPhone = "UIInterfaceOrientationPortrait UIInterfaceOrientationLandscapeLeft UIInterfaceOrientationLandscapeRight";
				LD_RUNPATH_SEARCH_PATHS = (
					"$(inherited)",
					"@executable_path/Frameworks",
				);
				MARKETING_VERSION = 1.0;
				PRODUCT_BUNDLE_IDENTIFIER = JaehoBe.starbuckkMock;
				PRODUCT_NAME = "$(TARGET_NAME)";
				SWIFT_EMIT_LOC_STRINGS = YES;
				SWIFT_VERSION = 5.0;
				TARGETED_DEVICE_FAMILY = "1,2";
			};
			name = Debug;
		};
		034594382938B4A100EAD3EA /* Release */ = {
			isa = XCBuildConfiguration;
			buildSettings = {
				ASSETCATALOG_COMPILER_APPICON_NAME = AppIcon;
				ASSETCATALOG_COMPILER_GLOBAL_ACCENT_COLOR_NAME = AccentColor;
				CODE_SIGN_STYLE = Automatic;
				CURRENT_PROJECT_VERSION = 1;
				DEVELOPMENT_TEAM = 6225DX9457;
				GENERATE_INFOPLIST_FILE = YES;
				INFOPLIST_FILE = starbuckkMock/Info.plist;
				INFOPLIST_KEY_UIApplicationSupportsIndirectInputEvents = YES;
				INFOPLIST_KEY_UILaunchStoryboardName = LaunchScreen;
				INFOPLIST_KEY_UIMainStoryboardFile = Main;
				INFOPLIST_KEY_UISupportedInterfaceOrientations_iPad = "UIInterfaceOrientationPortrait UIInterfaceOrientationPortraitUpsideDown UIInterfaceOrientationLandscapeLeft UIInterfaceOrientationLandscapeRight";
				INFOPLIST_KEY_UISupportedInterfaceOrientations_iPhone = "UIInterfaceOrientationPortrait UIInterfaceOrientationLandscapeLeft UIInterfaceOrientationLandscapeRight";
				LD_RUNPATH_SEARCH_PATHS = (
					"$(inherited)",
					"@executable_path/Frameworks",
				);
				MARKETING_VERSION = 1.0;
				PRODUCT_BUNDLE_IDENTIFIER = JaehoBe.starbuckkMock;
				PRODUCT_NAME = "$(TARGET_NAME)";
				SWIFT_EMIT_LOC_STRINGS = YES;
				SWIFT_VERSION = 5.0;
				TARGETED_DEVICE_FAMILY = "1,2";
			};
			name = Release;
		};
/* End XCBuildConfiguration section */

/* Begin XCConfigurationList section */
		0345941D2938B4A100EAD3EA /* Build configuration list for PBXProject "starbuckkMock" */ = {
			isa = XCConfigurationList;
			buildConfigurations = (
				034594342938B4A100EAD3EA /* Debug */,
				034594352938B4A100EAD3EA /* Release */,
			);
			defaultConfigurationIsVisible = 0;
			defaultConfigurationName = Release;
		};
		034594362938B4A100EAD3EA /* Build configuration list for PBXNativeTarget "starbuckkMock" */ = {
			isa = XCConfigurationList;
			buildConfigurations = (
				034594372938B4A100EAD3EA /* Debug */,
				034594382938B4A100EAD3EA /* Release */,
			);
			defaultConfigurationIsVisible = 0;
			defaultConfigurationName = Release;
		};
/* End XCConfigurationList section */
	};
	rootObject = 0345941A2938B4A100EAD3EA /* Project object */;
}
